
Microsoft Visual Studio Solution File, Format Version 12.00
# Visual Studio 15
VisualStudioVersion = 15.0.27703.2035
MinimumVisualStudioVersion = 10.0.40219.1
Project("{FAE04EC0-301F-11D3-BF4B-00C04F79EFBC}") = "HebrewNLP", "HebrewNLP\HebrewNLP.csproj", "{3DDFCB51-EC01-4A10-9C7F-EF171D4C9E54}"
EndProject
Project("{2150E333-8FDC-42A3-9474-1A3956D46DE8}") = "MorphologyExamples", "MorphologyExamples", "{442630E0-C049-4FA7-A94F-9972E196D4B7}"
EndProject
Project("{FAE04EC0-301F-11D3-BF4B-00C04F79EFBC}") = "NormalizeExample", "NormalizeExample\NormalizeExample.csproj", "{36B39758-4D20-40AD-9E4F-6B5B9CD15503}"
EndProject
Project("{FAE04EC0-301F-11D3-BF4B-00C04F79EFBC}") = "AnalyzeExample", "AnalyzeExample\AnalyzeExample.csproj", "{74DDA74A-158A-4477-A566-560A328A8BEC}"
EndProject
Global
	GlobalSection(SolutionConfigurationPlatforms) = preSolution
		Debug|Any CPU = Debug|Any CPU
		Release|Any CPU = Release|Any CPU
	EndGlobalSection
	GlobalSection(ProjectConfigurationPlatforms) = postSolution
		{3DDFCB51-EC01-4A10-9C7F-EF171D4C9E54}.Debug|Any CPU.ActiveCfg = Debug|Any CPU
		{3DDFCB51-EC01-4A10-9C7F-EF171D4C9E54}.Debug|Any CPU.Build.0 = Debug|Any CPU
		{3DDFCB51-EC01-4A10-9C7F-EF171D4C9E54}.Release|Any CPU.ActiveCfg = Release|Any CPU
		{3DDFCB51-EC01-4A10-9C7F-EF171D4C9E54}.Release|Any CPU.Build.0 = Release|Any CPU
		{36B39758-4D20-40AD-9E4F-6B5B9CD15503}.Debug|Any CPU.ActiveCfg = Debug|Any CPU
		{36B39758-4D20-40AD-9E4F-6B5B9CD15503}.Debug|Any CPU.Build.0 = Debug|Any CPU
		{36B39758-4D20-40AD-9E4F-6B5B9CD15503}.Release|Any CPU.ActiveCfg = Release|Any CPU
		{36B39758-4D20-40AD-9E4F-6B5B9CD15503}.Release|Any CPU.Build.0 = Release|Any CPU
		{74DDA74A-158A-4477-A566-560A328A8BEC}.Debug|Any CPU.ActiveCfg = Debug|Any CPU
		{74DDA74A-158A-4477-A566-560A328A8BEC}.Debug|Any CPU.Build.0 = Debug|Any CPU
		{74DDA74A-158A-4477-A566-560A328A8BEC}.Release|Any CPU.ActiveCfg = Release|Any CPU
		{74DDA74A-158A-4477-A566-560A328A8BEC}.Release|Any CPU.Build.0 = Release|Any CPU
	EndGlobalSection
	GlobalSection(SolutionProperties) = preSolution
		HideSolutionNode = FALSE
	EndGlobalSection
	GlobalSection(NestedProjects) = preSolution
		{36B39758-4D20-40AD-9E4F-6B5B9CD15503} = {442630E0-C049-4FA7-A94F-9972E196D4B7}
		{74DDA74A-158A-4477-A566-560A328A8BEC} = {442630E0-C049-4FA7-A94F-9972E196D4B7}
	EndGlobalSection
	GlobalSection(ExtensibilityGlobals) = postSolution
		SolutionGuid = {A604CF10-CD60-447C-AF66-CB7DE12B62F5}
	EndGlobalSection
EndGlobal
